
Microsoft Visual Studio Solution File, Format Version 12.00
# Visual Studio 14
VisualStudioVersion = 14.0.25420.1
MinimumVisualStudioVersion = 10.0.40219.1
Project("{FAE04EC0-301F-11D3-BF4B-00C04F79EFBC}") = "StockFocus.UI", "StockFocusV4\StockFocus.UI.csproj", "{A942E8DE-9C8B-4930-8B3C-5C0865269FF5}"
EndProject
Project("{FAE04EC0-301F-11D3-BF4B-00C04F79EFBC}") = "StockFocus.Service", "StockFocus.Service\StockFocus.Service.csproj", "{851A7CA3-553F-4DDD-BE24-83A55E857682}"
EndProject
Project("{FAE04EC0-301F-11D3-BF4B-00C04F79EFBC}") = "StockFocus.Entites", "StockFocus.Entites\StockFocus.Entites.csproj", "{6A567450-E0A9-454E-B3EB-B85887EC92F9}"
EndProject
Project("{FAE04EC0-301F-11D3-BF4B-00C04F79EFBC}") = "StockFocus.Helper", "StockFocus.Helper\StockFocus.Helper.csproj", "{892725E4-6258-4A34-A883-2451B10DCC8B}"
EndProject
Project("{FAE04EC0-301F-11D3-BF4B-00C04F79EFBC}") = "StockFocus.HelperTests", "StockFocus.HelperTests\StockFocus.HelperTests.csproj", "{A88EA198-7EFC-45F3-BE81-1D8526ED02E4}"
EndProject
Global
	GlobalSection(SolutionConfigurationPlatforms) = preSolution
		Debug|Any CPU = Debug|Any CPU
		Release|Any CPU = Release|Any CPU
	EndGlobalSection
	GlobalSection(ProjectConfigurationPlatforms) = postSolution
		{A942E8DE-9C8B-4930-8B3C-5C0865269FF5}.Debug|Any CPU.ActiveCfg = Debug|Any CPU
		{A942E8DE-9C8B-4930-8B3C-5C0865269FF5}.Debug|Any CPU.Build.0 = Debug|Any CPU
		{A942E8DE-9C8B-4930-8B3C-5C0865269FF5}.Release|Any CPU.ActiveCfg = Release|Any CPU
		{A942E8DE-9C8B-4930-8B3C-5C0865269FF5}.Release|Any CPU.Build.0 = Release|Any CPU
		{851A7CA3-553F-4DDD-BE24-83A55E857682}.Debug|Any CPU.ActiveCfg = Debug|Any CPU
		{851A7CA3-553F-4DDD-BE24-83A55E857682}.Debug|Any CPU.Build.0 = Debug|Any CPU
		{851A7CA3-553F-4DDD-BE24-83A55E857682}.Release|Any CPU.ActiveCfg = Release|Any CPU
		{851A7CA3-553F-4DDD-BE24-83A55E857682}.Release|Any CPU.Build.0 = Release|Any CPU
		{6A567450-E0A9-454E-B3EB-B85887EC92F9}.Debug|Any CPU.ActiveCfg = Debug|Any CPU
		{6A567450-E0A9-454E-B3EB-B85887EC92F9}.Debug|Any CPU.Build.0 = Debug|Any CPU
		{6A567450-E0A9-454E-B3EB-B85887EC92F9}.Release|Any CPU.ActiveCfg = Release|Any CPU
		{6A567450-E0A9-454E-B3EB-B85887EC92F9}.Release|Any CPU.Build.0 = Release|Any CPU
		{892725E4-6258-4A34-A883-2451B10DCC8B}.Debug|Any CPU.ActiveCfg = Debug|Any CPU
		{892725E4-6258-4A34-A883-2451B10DCC8B}.Debug|Any CPU.Build.0 = Debug|Any CPU
		{892725E4-6258-4A34-A883-2451B10DCC8B}.Release|Any CPU.ActiveCfg = Release|Any CPU
		{892725E4-6258-4A34-A883-2451B10DCC8B}.Release|Any CPU.Build.0 = Release|Any CPU
		{A88EA198-7EFC-45F3-BE81-1D8526ED02E4}.Debug|Any CPU.ActiveCfg = Debug|Any CPU
		{A88EA198-7EFC-45F3-BE81-1D8526ED02E4}.Debug|Any CPU.Build.0 = Debug|Any CPU
		{A88EA198-7EFC-45F3-BE81-1D8526ED02E4}.Release|Any CPU.ActiveCfg = Release|Any CPU
		{A88EA198-7EFC-45F3-BE81-1D8526ED02E4}.Release|Any CPU.Build.0 = Release|Any CPU
	EndGlobalSection
	GlobalSection(SolutionProperties) = preSolution
		HideSolutionNode = FALSE
	EndGlobalSection
	GlobalSection(ExtensibilityGlobals) = postSolution
		SolutionGuid = {B149F314-2B6B-42B1-B6A9-DE6057AE097C}
	EndGlobalSection
EndGlobal
